
Microsoft Visual Studio Solution File, Format Version 12.00
# Visual Studio 15
VisualStudioVersion = 15.0.28307.421
MinimumVisualStudioVersion = 10.0.40219.1
Project("{9A19103F-16F7-4668-BE54-9A1E7A4F7556}") = "HomeServices.API", "HomeServices.API\HomeServices.API.csproj", "{5C3D19BD-F8D6-47DD-AD24-E8FFE5C71905}"
EndProject
Project("{FAE04EC0-301F-11D3-BF4B-00C04F79EFBC}") = "HomeServices.BAL", "HomeServices.BAL\HomeServices.BAL.csproj", "{E1B0A2A5-2F55-4A31-BCD3-34C9740AA8F9}"
EndProject
Project("{FAE04EC0-301F-11D3-BF4B-00C04F79EFBC}") = "HomeServices.DAL", "HomeServices.DAL\HomeServices.DAL.csproj", "{95D22DA5-B4C3-424E-9FD1-176DC6EA19B1}"
EndProject
Project("{FAE04EC0-301F-11D3-BF4B-00C04F79EFBC}") = "HomeServices.Models", "HomeServices.Models\HomeServices.Models.csproj", "{98C722BF-C304-4E6E-8B9D-772D6810E4A3}"
EndProject
Project("{9A19103F-16F7-4668-BE54-9A1E7A4F7556}") = "HomeServices.UI", "HomeServices.UI\HomeServices.UI.csproj", "{1494A859-7BD2-48C3-8336-F1BB59CE195F}"
EndProject
Global
	GlobalSection(SolutionConfigurationPlatforms) = preSolution
		Debug|Any CPU = Debug|Any CPU
		Release|Any CPU = Release|Any CPU
	EndGlobalSection
	GlobalSection(ProjectConfigurationPlatforms) = postSolution
		{5C3D19BD-F8D6-47DD-AD24-E8FFE5C71905}.Debug|Any CPU.ActiveCfg = Debug|Any CPU
		{5C3D19BD-F8D6-47DD-AD24-E8FFE5C71905}.Debug|Any CPU.Build.0 = Debug|Any CPU
		{5C3D19BD-F8D6-47DD-AD24-E8FFE5C71905}.Release|Any CPU.ActiveCfg = Release|Any CPU
		{5C3D19BD-F8D6-47DD-AD24-E8FFE5C71905}.Release|Any CPU.Build.0 = Release|Any CPU
		{E1B0A2A5-2F55-4A31-BCD3-34C9740AA8F9}.Debug|Any CPU.ActiveCfg = Debug|Any CPU
		{E1B0A2A5-2F55-4A31-BCD3-34C9740AA8F9}.Debug|Any CPU.Build.0 = Debug|Any CPU
		{E1B0A2A5-2F55-4A31-BCD3-34C9740AA8F9}.Release|Any CPU.ActiveCfg = Release|Any CPU
		{E1B0A2A5-2F55-4A31-BCD3-34C9740AA8F9}.Release|Any CPU.Build.0 = Release|Any CPU
		{95D22DA5-B4C3-424E-9FD1-176DC6EA19B1}.Debug|Any CPU.ActiveCfg = Debug|Any CPU
		{95D22DA5-B4C3-424E-9FD1-176DC6EA19B1}.Debug|Any CPU.Build.0 = Debug|Any CPU
		{95D22DA5-B4C3-424E-9FD1-176DC6EA19B1}.Release|Any CPU.ActiveCfg = Release|Any CPU
		{95D22DA5-B4C3-424E-9FD1-176DC6EA19B1}.Release|Any CPU.Build.0 = Release|Any CPU
		{98C722BF-C304-4E6E-8B9D-772D6810E4A3}.Debug|Any CPU.ActiveCfg = Debug|Any CPU
		{98C722BF-C304-4E6E-8B9D-772D6810E4A3}.Debug|Any CPU.Build.0 = Debug|Any CPU
		{98C722BF-C304-4E6E-8B9D-772D6810E4A3}.Release|Any CPU.ActiveCfg = Release|Any CPU
		{98C722BF-C304-4E6E-8B9D-772D6810E4A3}.Release|Any CPU.Build.0 = Release|Any CPU
		{1494A859-7BD2-48C3-8336-F1BB59CE195F}.Debug|Any CPU.ActiveCfg = Debug|Any CPU
		{1494A859-7BD2-48C3-8336-F1BB59CE195F}.Debug|Any CPU.Build.0 = Debug|Any CPU
		{1494A859-7BD2-48C3-8336-F1BB59CE195F}.Release|Any CPU.ActiveCfg = Release|Any CPU
		{1494A859-7BD2-48C3-8336-F1BB59CE195F}.Release|Any CPU.Build.0 = Release|Any CPU
	EndGlobalSection
	GlobalSection(SolutionProperties) = preSolution
		HideSolutionNode = FALSE
	EndGlobalSection
	GlobalSection(ExtensibilityGlobals) = postSolution
		SolutionGuid = {27EEF646-EDB8-4D22-BC8A-D3DEDD9770D2}
	EndGlobalSection
EndGlobal
